// !$*UTF8*$!
{
	archiveVersion = 1;
	classes = {
	};
	objectVersion = 48;
	objects = {

/* Begin PBXBuildFile section */
		4A9879B72256573AA1C7B4B1 /* Pods_uber_driver.framework in Frameworks */ = {isa = PBXBuildFile; fileRef = DF1122A475698CDECFFA452D /* Pods_uber_driver.framework */; };
		6D1454821F77918700B43E85 /* DriverVC.swift in Sources */ = {isa = PBXBuildFile; fileRef = 6D1454811F77918700B43E85 /* DriverVC.swift */; };
		6D788BEE1F77B20F00339586 /* Constants.swift in Sources */ = {isa = PBXBuildFile; fileRef = 6D788BED1F77B20F00339586 /* Constants.swift */; };
		6D788BF01F77B22100339586 /* DBProvider.swift in Sources */ = {isa = PBXBuildFile; fileRef = 6D788BEF1F77B22100339586 /* DBProvider.swift */; };
		6D788BF41F78076700339586 /* UberHandler.swift in Sources */ = {isa = PBXBuildFile; fileRef = 6D788BF31F78076700339586 /* UberHandler.swift */; };
		6DC5FC141F767BC300CD8EC0 /* GoogleService-Info.plist in Resources */ = {isa = PBXBuildFile; fileRef = 6DD003C21F76796400FD0836 /* GoogleService-Info.plist */; };
		6DD003C11F7549B700FD0836 /* AuthProvider.swift in Sources */ = {isa = PBXBuildFile; fileRef = 6DD003C01F7549B700FD0836 /* AuthProvider.swift */; };
		6DED36FE1F75216600817A61 /* AppDelegate.swift in Sources */ = {isa = PBXBuildFile; fileRef = 6DED36FD1F75216600817A61 /* AppDelegate.swift */; };
		6DED37001F75216600817A61 /* SignInVC.swift in Sources */ = {isa = PBXBuildFile; fileRef = 6DED36FF1F75216600817A61 /* SignInVC.swift */; };
		6DED37031F75216600817A61 /* Main.storyboard in Resources */ = {isa = PBXBuildFile; fileRef = 6DED37011F75216600817A61 /* Main.storyboard */; };
		6DED37051F75216600817A61 /* Assets.xcassets in Resources */ = {isa = PBXBuildFile; fileRef = 6DED37041F75216600817A61 /* Assets.xcassets */; };
		6DED37081F75216600817A61 /* LaunchScreen.storyboard in Resources */ = {isa = PBXBuildFile; fileRef = 6DED37061F75216600817A61 /* LaunchScreen.storyboard */; };
/* End PBXBuildFile section */

/* Begin PBXFileReference section */
		09DB222210AA61F8EEAFEF07 /* Pods-uber driver.debug.xcconfig */ = {isa = PBXFileReference; includeInIndex = 1; lastKnownFileType = text.xcconfig; name = "Pods-uber driver.debug.xcconfig"; path = "Pods/Target Support Files/Pods-uber driver/Pods-uber driver.debug.xcconfig"; sourceTree = "<group>"; };
		6D1454811F77918700B43E85 /* DriverVC.swift */ = {isa = PBXFileReference; lastKnownFileType = sourcecode.swift; path = DriverVC.swift; sourceTree = "<group>"; };
		6D788BED1F77B20F00339586 /* Constants.swift */ = {isa = PBXFileReference; lastKnownFileType = sourcecode.swift; path = Constants.swift; sourceTree = "<group>"; };
		6D788BEF1F77B22100339586 /* DBProvider.swift */ = {isa = PBXFileReference; lastKnownFileType = sourcecode.swift; path = DBProvider.swift; sourceTree = "<group>"; };
		6D788BF31F78076700339586 /* UberHandler.swift */ = {isa = PBXFileReference; lastKnownFileType = sourcecode.swift; path = UberHandler.swift; sourceTree = "<group>"; };
		6DD003C01F7549B700FD0836 /* AuthProvider.swift */ = {isa = PBXFileReference; lastKnownFileType = sourcecode.swift; path = AuthProvider.swift; sourceTree = "<group>"; };
		6DD003C21F76796400FD0836 /* GoogleService-Info.plist */ = {isa = PBXFileReference; lastKnownFileType = text.plist.xml; path = "GoogleService-Info.plist"; sourceTree = "<group>"; };
		6DED36FA1F75216600817A61 /* uber driver.app */ = {isa = PBXFileReference; explicitFileType = wrapper.application; includeInIndex = 0; path = "uber driver.app"; sourceTree = BUILT_PRODUCTS_DIR; };
		6DED36FD1F75216600817A61 /* AppDelegate.swift */ = {isa = PBXFileReference; lastKnownFileType = sourcecode.swift; path = AppDelegate.swift; sourceTree = "<group>"; };
		6DED36FF1F75216600817A61 /* SignInVC.swift */ = {isa = PBXFileReference; lastKnownFileType = sourcecode.swift; path = SignInVC.swift; sourceTree = "<group>"; };
		6DED37021F75216600817A61 /* Base */ = {isa = PBXFileReference; lastKnownFileType = file.storyboard; name = Base; path = Base.lproj/Main.storyboard; sourceTree = "<group>"; };
		6DED37041F75216600817A61 /* Assets.xcassets */ = {isa = PBXFileReference; lastKnownFileType = folder.assetcatalog; path = Assets.xcassets; sourceTree = "<group>"; };
		6DED37071F75216600817A61 /* Base */ = {isa = PBXFileReference; lastKnownFileType = file.storyboard; name = Base; path = Base.lproj/LaunchScreen.storyboard; sourceTree = "<group>"; };
		6DED37091F75216600817A61 /* Info.plist */ = {isa = PBXFileReference; lastKnownFileType = text.plist.xml; path = Info.plist; sourceTree = "<group>"; };
		820688396C6C97D4A61591B0 /* Pods-uber driver.release.xcconfig */ = {isa = PBXFileReference; includeInIndex = 1; lastKnownFileType = text.xcconfig; name = "Pods-uber driver.release.xcconfig"; path = "Pods/Target Support Files/Pods-uber driver/Pods-uber driver.release.xcconfig"; sourceTree = "<group>"; };
		DF1122A475698CDECFFA452D /* Pods_uber_driver.framework */ = {isa = PBXFileReference; explicitFileType = wrapper.framework; includeInIndex = 0; path = Pods_uber_driver.framework; sourceTree = BUILT_PRODUCTS_DIR; };
/* End PBXFileReference section */

/* Begin PBXFrameworksBuildPhase section */
		6DED36F71F75216600817A61 /* Frameworks */ = {
			isa = PBXFrameworksBuildPhase;
			buildActionMask = 2147483647;
			files = (
				4A9879B72256573AA1C7B4B1 /* Pods_uber_driver.framework in Frameworks */,
			);
			runOnlyForDeploymentPostprocessing = 0;
		};
/* End PBXFrameworksBuildPhase section */

/* Begin PBXGroup section */
		46474C121AD693382C68B136 /* Frameworks */ = {
			isa = PBXGroup;
			children = (
				DF1122A475698CDECFFA452D /* Pods_uber_driver.framework */,
			);
			name = Frameworks;
			sourceTree = "<group>";
		};
		6DD003981F75328300FD0836 /* Model */ = {
			isa = PBXGroup;
			children = (
			);
			path = Model;
			sourceTree = "<group>";
		};
		6DD003991F75328700FD0836 /* View */ = {
			isa = PBXGroup;
			children = (
			);
			path = View;
			sourceTree = "<group>";
		};
		6DD0039A1F75328A00FD0836 /* Controller */ = {
			isa = PBXGroup;
			children = (
				6DED36FF1F75216600817A61 /* SignInVC.swift */,
				6D1454811F77918700B43E85 /* DriverVC.swift */,
			);
			path = Controller;
			sourceTree = "<group>";
		};
		6DD003BF1F75497D00FD0836 /* Plugins */ = {
			isa = PBXGroup;
			children = (
				6DD003C01F7549B700FD0836 /* AuthProvider.swift */,
				6D788BED1F77B20F00339586 /* Constants.swift */,
				6D788BEF1F77B22100339586 /* DBProvider.swift */,
				6D788BF31F78076700339586 /* UberHandler.swift */,
			);
			path = Plugins;
			sourceTree = "<group>";
		};
		6DED36F11F75216600817A61 = {
			isa = PBXGroup;
			children = (
				6DED36FC1F75216600817A61 /* uber driver */,
				6DED36FB1F75216600817A61 /* Products */,
				82C00218F61B66581E9ECED5 /* Pods */,
				46474C121AD693382C68B136 /* Frameworks */,
			);
			sourceTree = "<group>";
		};
		6DED36FB1F75216600817A61 /* Products */ = {
			isa = PBXGroup;
			children = (
				6DED36FA1F75216600817A61 /* uber driver.app */,
			);
			name = Products;
			sourceTree = "<group>";
		};
		6DED36FC1F75216600817A61 /* uber driver */ = {
			isa = PBXGroup;
			children = (
				6DD003BF1F75497D00FD0836 /* Plugins */,
				6DD0039A1F75328A00FD0836 /* Controller */,
				6DD003991F75328700FD0836 /* View */,
				6DD003981F75328300FD0836 /* Model */,
				6DED36FD1F75216600817A61 /* AppDelegate.swift */,
				6DED37011F75216600817A61 /* Main.storyboard */,
				6DED37041F75216600817A61 /* Assets.xcassets */,
				6DED37061F75216600817A61 /* LaunchScreen.storyboard */,
				6DED37091F75216600817A61 /* Info.plist */,
				6DD003C21F76796400FD0836 /* GoogleService-Info.plist */,
			);
			path = "uber driver";
			sourceTree = "<group>";
		};
		82C00218F61B66581E9ECED5 /* Pods */ = {
			isa = PBXGroup;
			children = (
				09DB222210AA61F8EEAFEF07 /* Pods-uber driver.debug.xcconfig */,
				820688396C6C97D4A61591B0 /* Pods-uber driver.release.xcconfig */,
			);
			name = Pods;
			sourceTree = "<group>";
		};
/* End PBXGroup section */

/* Begin PBXNativeTarget section */
		6DED36F91F75216600817A61 /* uber driver */ = {
			isa = PBXNativeTarget;
			buildConfigurationList = 6DED370C1F75216600817A61 /* Build configuration list for PBXNativeTarget "uber driver" */;
			buildPhases = (
				06FE6F16F6BC81A64445168A /* [CP] Check Pods Manifest.lock */,
				6DED36F61F75216600817A61 /* Sources */,
				6DED36F71F75216600817A61 /* Frameworks */,
				6DED36F81F75216600817A61 /* Resources */,
				129F86305B897A7FE5CD91EA /* [CP] Embed Pods Frameworks */,
				79637417DE13EB3BFBE85F66 /* [CP] Copy Pods Resources */,
			);
			buildRules = (
			);
			dependencies = (
			);
			name = "uber driver";
			productName = "uber driver";
			productReference = 6DED36FA1F75216600817A61 /* uber driver.app */;
			productType = "com.apple.product-type.application";
		};
/* End PBXNativeTarget section */

/* Begin PBXProject section */
		6DED36F21F75216600817A61 /* Project object */ = {
			isa = PBXProject;
			attributes = {
				LastSwiftUpdateCheck = 0900;
				LastUpgradeCheck = 0900;
				ORGANIZATIONNAME = kidnapper.com;
				TargetAttributes = {
					6DED36F91F75216600817A61 = {
						CreatedOnToolsVersion = 9.0;
						ProvisioningStyle = Automatic;
					};
				};
			};
			buildConfigurationList = 6DED36F51F75216600817A61 /* Build configuration list for PBXProject "uber driver" */;
			compatibilityVersion = "Xcode 8.0";
			developmentRegion = en;
			hasScannedForEncodings = 0;
			knownRegions = (
				en,
				Base,
			);
			mainGroup = 6DED36F11F75216600817A61;
			productRefGroup = 6DED36FB1F75216600817A61 /* Products */;
			projectDirPath = "";
			projectRoot = "";
			targets = (
				6DED36F91F75216600817A61 /* uber driver */,
			);
		};
/* End PBXProject section */

/* Begin PBXResourcesBuildPhase section */
		6DED36F81F75216600817A61 /* Resources */ = {
			isa = PBXResourcesBuildPhase;
			buildActionMask = 2147483647;
			files = (
				6DED37081F75216600817A61 /* LaunchScreen.storyboard in Resources */,
				6DC5FC141F767BC300CD8EC0 /* GoogleService-Info.plist in Resources */,
				6DED37051F75216600817A61 /* Assets.xcassets in Resources */,
				6DED37031F75216600817A61 /* Main.storyboard in Resources */,
			);
			runOnlyForDeploymentPostprocessing = 0;
		};
/* End PBXResourcesBuildPhase section */

/* Begin PBXShellScriptBuildPhase section */
		06FE6F16F6BC81A64445168A /* [CP] Check Pods Manifest.lock */ = {
			isa = PBXShellScriptBuildPhase;
			buildActionMask = 2147483647;
			files = (
			);
			inputPaths = (
				"${PODS_PODFILE_DIR_PATH}/Podfile.lock",
				"${PODS_ROOT}/Manifest.lock",
			);
			name = "[CP] Check Pods Manifest.lock";
			outputPaths = (
				"$(DERIVED_FILE_DIR)/Pods-uber driver-checkManifestLockResult.txt",
			);
			runOnlyForDeploymentPostprocessing = 0;
			shellPath = /bin/sh;
			shellScript = "diff \"${PODS_PODFILE_DIR_PATH}/Podfile.lock\" \"${PODS_ROOT}/Manifest.lock\" > /dev/null\nif [ $? != 0 ] ; then\n    # print error to STDERR\n    echo \"error: The sandbox is not in sync with the Podfile.lock. Run 'pod install' or update your CocoaPods installation.\" >&2\n    exit 1\nfi\n# This output is used by Xcode 'outputs' to avoid re-running this script phase.\necho \"SUCCESS\" > \"${SCRIPT_OUTPUT_FILE_0}\"\n";
			showEnvVarsInLog = 0;
		};
		129F86305B897A7FE5CD91EA /* [CP] Embed Pods Frameworks */ = {
			isa = PBXShellScriptBuildPhase;
			buildActionMask = 2147483647;
			files = (
			);
			inputPaths = (
				"${SRCROOT}/Pods/Target Support Files/Pods-uber driver/Pods-uber driver-frameworks.sh",
				"${BUILT_PRODUCTS_DIR}/GTMSessionFetcher/GTMSessionFetcher.framework",
				"${BUILT_PRODUCTS_DIR}/GoogleToolboxForMac/GoogleToolboxForMac.framework",
				"${BUILT_PRODUCTS_DIR}/leveldb-library/leveldb.framework",
				"${BUILT_PRODUCTS_DIR}/nanopb/nanopb.framework",
			);
			name = "[CP] Embed Pods Frameworks";
			outputPaths = (
				"${TARGET_BUILD_DIR}/${FRAMEWORKS_FOLDER_PATH}/GTMSessionFetcher.framework",
				"${TARGET_BUILD_DIR}/${FRAMEWORKS_FOLDER_PATH}/GoogleToolboxForMac.framework",
				"${TARGET_BUILD_DIR}/${FRAMEWORKS_FOLDER_PATH}/leveldb.framework",
				"${TARGET_BUILD_DIR}/${FRAMEWORKS_FOLDER_PATH}/nanopb.framework",
			);
			runOnlyForDeploymentPostprocessing = 0;
			shellPath = /bin/sh;
			shellScript = "\"${SRCROOT}/Pods/Target Support Files/Pods-uber driver/Pods-uber driver-frameworks.sh\"\n";
			showEnvVarsInLog = 0;
		};
		79637417DE13EB3BFBE85F66 /* [CP] Copy Pods Resources */ = {
			isa = PBXShellScriptBuildPhase;
			buildActionMask = 2147483647;
			files = (
			);
			inputPaths = (
			);
			name = "[CP] Copy Pods Resources";
			outputPaths = (
			);
			runOnlyForDeploymentPostprocessing = 0;
			shellPath = /bin/sh;
			shellScript = "\"${SRCROOT}/Pods/Target Support Files/Pods-uber driver/Pods-uber driver-resources.sh\"\n";
			showEnvVarsInLog = 0;
		};
/* End PBXShellScriptBuildPhase section */

/* Begin PBXSourcesBuildPhase section */
		6DED36F61F75216600817A61 /* Sources */ = {
			isa = PBXSourcesBuildPhase;
			buildActionMask = 2147483647;
			files = (
				6D788BEE1F77B20F00339586 /* Constants.swift in Sources */,
				6DD003C11F7549B700FD0836 /* AuthProvider.swift in Sources */,
				6DED37001F75216600817A61 /* SignInVC.swift in Sources */,
				6D1454821F77918700B43E85 /* DriverVC.swift in Sources */,
				6D788BF41F78076700339586 /* UberHandler.swift in Sources */,
				6D788BF01F77B22100339586 /* DBProvider.swift in Sources */,
				6DED36FE1F75216600817A61 /* AppDelegate.swift in Sources */,
			);
			runOnlyForDeploymentPostprocessing = 0;
		};
/* End PBXSourcesBuildPhase section */

/* Begin PBXVariantGroup section */
		6DED37011F75216600817A61 /* Main.storyboard */ = {
			isa = PBXVariantGroup;
			children = (
				6DED37021F75216600817A61 /* Base */,
			);
			name = Main.storyboard;
			sourceTree = "<group>";
		};
		6DED37061F75216600817A61 /* LaunchScreen.storyboard */ = {
			isa = PBXVariantGroup;
			children = (
				6DED37071F75216600817A61 /* Base */,
			);
			name = LaunchScreen.storyboard;
			sourceTree = "<group>";
		};
/* End PBXVariantGroup section */

/* Begin XCBuildConfiguration section */
		6DED370A1F75216600817A61 /* Debug */ = {
			isa = XCBuildConfiguration;
			buildSettings = {
				ALWAYS_SEARCH_USER_PATHS = NO;
				CLANG_ANALYZER_NONNULL = YES;
				CLANG_ANALYZER_NUMBER_OBJECT_CONVERSION = YES_AGGRESSIVE;
				CLANG_CXX_LANGUAGE_STANDARD = "gnu++14";
				CLANG_CXX_LIBRARY = "libc++";
				CLANG_ENABLE_MODULES = YES;
				CLANG_ENABLE_OBJC_ARC = YES;
				CLANG_WARN_BLOCK_CAPTURE_AUTORELEASING = YES;
				CLANG_WARN_BOOL_CONVERSION = YES;
				CLANG_WARN_COMMA = YES;
				CLANG_WARN_CONSTANT_CONVERSION = YES;
				CLANG_WARN_DIRECT_OBJC_ISA_USAGE = YES_ERROR;
				CLANG_WARN_DOCUMENTATION_COMMENTS = YES;
				CLANG_WARN_EMPTY_BODY = YES;
				CLANG_WARN_ENUM_CONVERSION = YES;
				CLANG_WARN_INFINITE_RECURSION = YES;
				CLANG_WARN_INT_CONVERSION = YES;
				CLANG_WARN_NON_LITERAL_NULL_CONVERSION = YES;
				CLANG_WARN_OBJC_LITERAL_CONVERSION = YES;
				CLANG_WARN_OBJC_ROOT_CLASS = YES_ERROR;
				CLANG_WARN_RANGE_LOOP_ANALYSIS = YES;
				CLANG_WARN_STRICT_PROTOTYPES = YES;
				CLANG_WARN_SUSPICIOUS_MOVE = YES;
				CLANG_WARN_UNGUARDED_AVAILABILITY = YES_AGGRESSIVE;
				CLANG_WARN_UNREACHABLE_CODE = YES;
				CLANG_WARN__DUPLICATE_METHOD_MATCH = YES;
				CODE_SIGN_IDENTITY = "iPhone Developer";
				COPY_PHASE_STRIP = NO;
				DEBUG_INFORMATION_FORMAT = dwarf;
				ENABLE_STRICT_OBJC_MSGSEND = YES;
				ENABLE_TESTABILITY = YES;
				GCC_C_LANGUAGE_STANDARD = gnu11;
				GCC_DYNAMIC_NO_PIC = NO;
				GCC_NO_COMMON_BLOCKS = YES;
				GCC_OPTIMIZATION_LEVEL = 0;
				GCC_PREPROCESSOR_DEFINITIONS = (
					"DEBUG=1",
					"$(inherited)",
				);
				GCC_WARN_64_TO_32_BIT_CONVERSION = YES;
				GCC_WARN_ABOUT_RETURN_TYPE = YES_ERROR;
				GCC_WARN_UNDECLARED_SELECTOR = YES;
				GCC_WARN_UNINITIALIZED_AUTOS = YES_AGGRESSIVE;
				GCC_WARN_UNUSED_FUNCTION = YES;
				GCC_WARN_UNUSED_VARIABLE = YES;
				IPHONEOS_DEPLOYMENT_TARGET = 11.0;
				MTL_ENABLE_DEBUG_INFO = YES;
				ONLY_ACTIVE_ARCH = YES;
				SDKROOT = iphoneos;
				SWIFT_ACTIVE_COMPILATION_CONDITIONS = DEBUG;
				SWIFT_OPTIMIZATION_LEVEL = "-Onone";
			};
			name = Debug;
		};
		6DED370B1F75216600817A61 /* Release */ = {
			isa = XCBuildConfiguration;
			buildSettings = {
				ALWAYS_SEARCH_USER_PATHS = NO;
				CLANG_ANALYZER_NONNULL = YES;
				CLANG_ANALYZER_NUMBER_OBJECT_CONVERSION = YES_AGGRESSIVE;
				CLANG_CXX_LANGUAGE_STANDARD = "gnu++14";
				CLANG_CXX_LIBRARY = "libc++";
				CLANG_ENABLE_MODULES = YES;
				CLANG_ENABLE_OBJC_ARC = YES;
				CLANG_WARN_BLOCK_CAPTURE_AUTORELEASING = YES;
				CLANG_WARN_BOOL_CONVERSION = YES;
				CLANG_WARN_COMMA = YES;
				CLANG_WARN_CONSTANT_CONVERSION = YES;
				CLANG_WARN_DIRECT_OBJC_ISA_USAGE = YES_ERROR;
				CLANG_WARN_DOCUMENTATION_COMMENTS = YES;
				CLANG_WARN_EMPTY_BODY = YES;
				CLANG_WARN_ENUM_CONVERSION = YES;
				CLANG_WARN_INFINITE_RECURSION = YES;
				CLANG_WARN_INT_CONVERSION = YES;
				CLANG_WARN_NON_LITERAL_NULL_CONVERSION = YES;
				CLANG_WARN_OBJC_LITERAL_CONVERSION = YES;
				CLANG_WARN_OBJC_ROOT_CLASS = YES_ERROR;
				CLANG_WARN_RANGE_LOOP_ANALYSIS = YES;
				CLANG_WARN_STRICT_PROTOTYPES = YES;
				CLANG_WARN_SUSPICIOUS_MOVE = YES;
				CLANG_WARN_UNGUARDED_AVAILABILITY = YES_AGGRESSIVE;
				CLANG_WARN_UNREACHABLE_CODE = YES;
				CLANG_WARN__DUPLICATE_METHOD_MATCH = YES;
				CODE_SIGN_IDENTITY = "iPhone Developer";
				COPY_PHASE_STRIP = NO;
				DEBUG_INFORMATION_FORMAT = "dwarf-with-dsym";
				ENABLE_NS_ASSERTIONS = NO;
				ENABLE_STRICT_OBJC_MSGSEND = YES;
				GCC_C_LANGUAGE_STANDARD = gnu11;
				GCC_NO_COMMON_BLOCKS = YES;
				GCC_WARN_64_TO_32_BIT_CONVERSION = YES;
				GCC_WARN_ABOUT_RETURN_TYPE = YES_ERROR;
				GCC_WARN_UNDECLARED_SELECTOR = YES;
				GCC_WARN_UNINITIALIZED_AUTOS = YES_AGGRESSIVE;
				GCC_WARN_UNUSED_FUNCTION = YES;
				GCC_WARN_UNUSED_VARIABLE = YES;
				IPHONEOS_DEPLOYMENT_TARGET = 11.0;
				MTL_ENABLE_DEBUG_INFO = NO;
				SDKROOT = iphoneos;
				SWIFT_OPTIMIZATION_LEVEL = "-Owholemodule";
				VALIDATE_PRODUCT = YES;
			};
			name = Release;
		};
		6DED370D1F75216600817A61 /* Debug */ = {
			isa = XCBuildConfiguration;
			baseConfigurationReference = 09DB222210AA61F8EEAFEF07 /* Pods-uber driver.debug.xcconfig */;
			buildSettings = {
				ASSETCATALOG_COMPILER_APPICON_NAME = AppIcon;
				CODE_SIGN_STYLE = Automatic;
				DEVELOPMENT_TEAM = RPE89YVE3Q;
				INFOPLIST_FILE = "uber driver/Info.plist";
				LD_RUNPATH_SEARCH_PATHS = "$(inherited) @executable_path/Frameworks";
				PRODUCT_BUNDLE_IDENTIFIER = "com.kidnapper.uber-driver";
				PRODUCT_NAME = "$(TARGET_NAME)";
				SWIFT_VERSION = 4.0;
				TARGETED_DEVICE_FAMILY = "1,2";
			};
			name = Debug;
		};
		6DED370E1F75216600817A61 /* Release */ = {
			isa = XCBuildConfiguration;
			baseConfigurationReference = 820688396C6C97D4A61591B0 /* Pods-uber driver.release.xcconfig */;
			buildSettings = {
				ASSETCATALOG_COMPILER_APPICON_NAME = AppIcon;
				CODE_SIGN_STYLE = Automatic;
				DEVELOPMENT_TEAM = RPE89YVE3Q;
				INFOPLIST_FILE = "uber driver/Info.plist";
				LD_RUNPATH_SEARCH_PATHS = "$(inherited) @executable_path/Frameworks";
				PRODUCT_BUNDLE_IDENTIFIER = "com.kidnapper.uber-driver";
				PRODUCT_NAME = "$(TARGET_NAME)";
				SWIFT_VERSION = 4.0;
				TARGETED_DEVICE_FAMILY = "1,2";
			};
			name = Release;
		};
/* End XCBuildConfiguration section */

/* Begin XCConfigurationList section */
		6DED36F51F75216600817A61 /* Build configuration list for PBXProject "uber driver" */ = {
			isa = XCConfigurationList;
			buildConfigurations = (
				6DED370A1F75216600817A61 /* Debug */,
				6DED370B1F75216600817A61 /* Release */,
			);
			defaultConfigurationIsVisible = 0;
			defaultConfigurationName = Release;
		};
		6DED370C1F75216600817A61 /* Build configuration list for PBXNativeTarget "uber driver" */ = {
			isa = XCConfigurationList;
			buildConfigurations = (
				6DED370D1F75216600817A61 /* Debug */,
				6DED370E1F75216600817A61 /* Release */,
			);
			defaultConfigurationIsVisible = 0;
			defaultConfigurationName = Release;
		};
/* End XCConfigurationList section */
	};
	rootObject = 6DED36F21F75216600817A61 /* Project object */;
}
